
Microsoft Visual Studio Solution File, Format Version 12.00
# Visual Studio Version 17
VisualStudioVersion = 17.12.35527.113 d17.12
MinimumVisualStudioVersion = 10.0.40219.1
Project("{FAE04EC0-301F-11D3-BF4B-00C04F79EFBC}") = "ToDoClassLibrary", "ToDoClassLibrary\ToDoClassLibrary.csproj", "{9FA9C988-B9AA-43E8-8517-EE0DF8B52A22}"
EndProject
Project("{FAE04EC0-301F-11D3-BF4B-00C04F79EFBC}") = "ToDoConsoleApp", "ToDoConsoleApp\ToDoConsoleApp.csproj", "{5521A41C-372A-47F7-A04A-9CA974E5F1A3}"
EndProject
Global
	GlobalSection(SolutionConfigurationPlatforms) = preSolution
		Debug|Any CPU = Debug|Any CPU
		Release|Any CPU = Release|Any CPU
	EndGlobalSection
	GlobalSection(ProjectConfigurationPlatforms) = postSolution
		{9FA9C988-B9AA-43E8-8517-EE0DF8B52A22}.Debug|Any CPU.ActiveCfg = Debug|Any CPU
		{9FA9C988-B9AA-43E8-8517-EE0DF8B52A22}.Debug|Any CPU.Build.0 = Debug|Any CPU
		{9FA9C988-B9AA-43E8-8517-EE0DF8B52A22}.Release|Any CPU.ActiveCfg = Release|Any CPU
		{9FA9C988-B9AA-43E8-8517-EE0DF8B52A22}.Release|Any CPU.Build.0 = Release|Any CPU
		{5521A41C-372A-47F7-A04A-9CA974E5F1A3}.Debug|Any CPU.ActiveCfg = Debug|Any CPU
		{5521A41C-372A-47F7-A04A-9CA974E5F1A3}.Debug|Any CPU.Build.0 = Debug|Any CPU
		{5521A41C-372A-47F7-A04A-9CA974E5F1A3}.Release|Any CPU.ActiveCfg = Release|Any CPU
		{5521A41C-372A-47F7-A04A-9CA974E5F1A3}.Release|Any CPU.Build.0 = Release|Any CPU
	EndGlobalSection
	GlobalSection(SolutionProperties) = preSolution
		HideSolutionNode = FALSE
	EndGlobalSection
EndGlobal
