
Microsoft Visual Studio Solution File, Format Version 12.00
# Visual Studio Version 17
VisualStudioVersion = 17.12.35527.113 d17.12
MinimumVisualStudioVersion = 10.0.40219.1
Project("{FAE04EC0-301F-11D3-BF4B-00C04F79EFBC}") = "AutoFactoryCommonLib", "AutoFactoryCommonLib\AutoFactoryCommonLib.csproj", "{D9CE8005-50EF-4B59-84B0-00BA83F6A77F}"
EndProject
Project("{FAE04EC0-301F-11D3-BF4B-00C04F79EFBC}") = "ApplicationLayerApp", "ApplicationLayerApp\ApplicationLayerApp.csproj", "{D85D235F-81D9-4B60-9A35-0C7C8746F5B0}"
EndProject
Global
	GlobalSection(SolutionConfigurationPlatforms) = preSolution
		Debug|Any CPU = Debug|Any CPU
		Release|Any CPU = Release|Any CPU
	EndGlobalSection
	GlobalSection(ProjectConfigurationPlatforms) = postSolution
		{D9CE8005-50EF-4B59-84B0-00BA83F6A77F}.Debug|Any CPU.ActiveCfg = Debug|Any CPU
		{D9CE8005-50EF-4B59-84B0-00BA83F6A77F}.Debug|Any CPU.Build.0 = Debug|Any CPU
		{D9CE8005-50EF-4B59-84B0-00BA83F6A77F}.Release|Any CPU.ActiveCfg = Release|Any CPU
		{D9CE8005-50EF-4B59-84B0-00BA83F6A77F}.Release|Any CPU.Build.0 = Release|Any CPU
		{D85D235F-81D9-4B60-9A35-0C7C8746F5B0}.Debug|Any CPU.ActiveCfg = Debug|Any CPU
		{D85D235F-81D9-4B60-9A35-0C7C8746F5B0}.Debug|Any CPU.Build.0 = Debug|Any CPU
		{D85D235F-81D9-4B60-9A35-0C7C8746F5B0}.Release|Any CPU.ActiveCfg = Release|Any CPU
		{D85D235F-81D9-4B60-9A35-0C7C8746F5B0}.Release|Any CPU.Build.0 = Release|Any CPU
	EndGlobalSection
	GlobalSection(SolutionProperties) = preSolution
		HideSolutionNode = FALSE
	EndGlobalSection
EndGlobal
