
Microsoft Visual Studio Solution File, Format Version 12.00
# Visual Studio Version 17
VisualStudioVersion = 17.12.35506.116
MinimumVisualStudioVersion = 10.0.40219.1
Project("{2150E333-8FDC-42A3-9474-1A3956D46DE8}") = "BusinessLayer", "BusinessLayer", "{766BDFE0-8239-4C06-A683-548F7CE21E2A}"
EndProject
Project("{2150E333-8FDC-42A3-9474-1A3956D46DE8}") = "PresentationLayer", "PresentationLayer", "{AEF73A52-FE85-4C9B-AE89-59402568A672}"
EndProject
Project("{FAE04EC0-301F-11D3-BF4B-00C04F79EFBC}") = "CalcCommonLib", "CalcCommonLib\CalcCommonLib.csproj", "{EC00AE93-68F7-4D28-9171-8BA8FA15CACE}"
EndProject
Project("{FAE04EC0-301F-11D3-BF4B-00C04F79EFBC}") = "CalcConsoleApp", "CalcConsoleApp\CalcConsoleApp.csproj", "{EC5938F2-7511-453A-B026-8048AB051DA3}"
EndProject
Global
	GlobalSection(SolutionConfigurationPlatforms) = preSolution
		Debug|Any CPU = Debug|Any CPU
		Release|Any CPU = Release|Any CPU
	EndGlobalSection
	GlobalSection(ProjectConfigurationPlatforms) = postSolution
		{EC00AE93-68F7-4D28-9171-8BA8FA15CACE}.Debug|Any CPU.ActiveCfg = Debug|Any CPU
		{EC00AE93-68F7-4D28-9171-8BA8FA15CACE}.Debug|Any CPU.Build.0 = Debug|Any CPU
		{EC00AE93-68F7-4D28-9171-8BA8FA15CACE}.Release|Any CPU.ActiveCfg = Release|Any CPU
		{EC00AE93-68F7-4D28-9171-8BA8FA15CACE}.Release|Any CPU.Build.0 = Release|Any CPU
		{EC5938F2-7511-453A-B026-8048AB051DA3}.Debug|Any CPU.ActiveCfg = Debug|Any CPU
		{EC5938F2-7511-453A-B026-8048AB051DA3}.Debug|Any CPU.Build.0 = Debug|Any CPU
		{EC5938F2-7511-453A-B026-8048AB051DA3}.Release|Any CPU.ActiveCfg = Release|Any CPU
		{EC5938F2-7511-453A-B026-8048AB051DA3}.Release|Any CPU.Build.0 = Release|Any CPU
	EndGlobalSection
	GlobalSection(SolutionProperties) = preSolution
		HideSolutionNode = FALSE
	EndGlobalSection
	GlobalSection(NestedProjects) = preSolution
		{EC00AE93-68F7-4D28-9171-8BA8FA15CACE} = {766BDFE0-8239-4C06-A683-548F7CE21E2A}
		{EC5938F2-7511-453A-B026-8048AB051DA3} = {AEF73A52-FE85-4C9B-AE89-59402568A672}
	EndGlobalSection
EndGlobal
