
Microsoft Visual Studio Solution File, Format Version 12.00
# Visual Studio Version 17
VisualStudioVersion = 17.12.35506.116 d17.12
MinimumVisualStudioVersion = 10.0.40219.1
Project("{FAE04EC0-301F-11D3-BF4B-00C04F79EFBC}") = "Exception Propagation", "Exception Propagation\Exception Propagation.csproj", "{82367D99-7BB2-45DC-B068-B62E4B2BCB05}"
EndProject
Global
	GlobalSection(SolutionConfigurationPlatforms) = preSolution
		Debug|Any CPU = Debug|Any CPU
		Release|Any CPU = Release|Any CPU
	EndGlobalSection
	GlobalSection(ProjectConfigurationPlatforms) = postSolution
		{82367D99-7BB2-45DC-B068-B62E4B2BCB05}.Debug|Any CPU.ActiveCfg = Debug|Any CPU
		{82367D99-7BB2-45DC-B068-B62E4B2BCB05}.Debug|Any CPU.Build.0 = Debug|Any CPU
		{82367D99-7BB2-45DC-B068-B62E4B2BCB05}.Release|Any CPU.ActiveCfg = Release|Any CPU
		{82367D99-7BB2-45DC-B068-B62E4B2BCB05}.Release|Any CPU.Build.0 = Release|Any CPU
	EndGlobalSection
	GlobalSection(SolutionProperties) = preSolution
		HideSolutionNode = FALSE
	EndGlobalSection
EndGlobal
