
Microsoft Visual Studio Solution File, Format Version 12.00
# Visual Studio Version 17
VisualStudioVersion = 17.12.35506.116
MinimumVisualStudioVersion = 10.0.40219.1
Project("{FAE04EC0-301F-11D3-BF4B-00C04F79EFBC}") = "DeserializationLib", "DeserializationLib\DeserializationLib.csproj", "{7DB09CD9-E56C-42D7-B975-9DCDB44F18A5}"
EndProject
Project("{FAE04EC0-301F-11D3-BF4B-00C04F79EFBC}") = "DeserializationConsoleApp", "DeserializationConsoleApp\DeserializationConsoleApp.csproj", "{87A4627D-7242-4D53-A729-AC8D18FC5A8B}"
EndProject
Global
	GlobalSection(SolutionConfigurationPlatforms) = preSolution
		Debug|Any CPU = Debug|Any CPU
		Release|Any CPU = Release|Any CPU
	EndGlobalSection
	GlobalSection(ProjectConfigurationPlatforms) = postSolution
		{7DB09CD9-E56C-42D7-B975-9DCDB44F18A5}.Debug|Any CPU.ActiveCfg = Debug|Any CPU
		{7DB09CD9-E56C-42D7-B975-9DCDB44F18A5}.Debug|Any CPU.Build.0 = Debug|Any CPU
		{7DB09CD9-E56C-42D7-B975-9DCDB44F18A5}.Release|Any CPU.ActiveCfg = Release|Any CPU
		{7DB09CD9-E56C-42D7-B975-9DCDB44F18A5}.Release|Any CPU.Build.0 = Release|Any CPU
		{87A4627D-7242-4D53-A729-AC8D18FC5A8B}.Debug|Any CPU.ActiveCfg = Debug|Any CPU
		{87A4627D-7242-4D53-A729-AC8D18FC5A8B}.Debug|Any CPU.Build.0 = Debug|Any CPU
		{87A4627D-7242-4D53-A729-AC8D18FC5A8B}.Release|Any CPU.ActiveCfg = Release|Any CPU
		{87A4627D-7242-4D53-A729-AC8D18FC5A8B}.Release|Any CPU.Build.0 = Release|Any CPU
	EndGlobalSection
	GlobalSection(SolutionProperties) = preSolution
		HideSolutionNode = FALSE
	EndGlobalSection
EndGlobal
