
Microsoft Visual Studio Solution File, Format Version 12.00
# Visual Studio Version 17
VisualStudioVersion = 17.12.35506.116 d17.12
MinimumVisualStudioVersion = 10.0.40219.1
Project("{FAE04EC0-301F-11D3-BF4B-00C04F79EFBC}") = "AccountPolymorphism", "AccountPolymorphism\AccountPolymorphism.csproj", "{CA334601-3D20-4793-9E98-5709E84ADBE5}"
EndProject
Global
	GlobalSection(SolutionConfigurationPlatforms) = preSolution
		Debug|Any CPU = Debug|Any CPU
		Release|Any CPU = Release|Any CPU
	EndGlobalSection
	GlobalSection(ProjectConfigurationPlatforms) = postSolution
		{CA334601-3D20-4793-9E98-5709E84ADBE5}.Debug|Any CPU.ActiveCfg = Debug|Any CPU
		{CA334601-3D20-4793-9E98-5709E84ADBE5}.Debug|Any CPU.Build.0 = Debug|Any CPU
		{CA334601-3D20-4793-9E98-5709E84ADBE5}.Release|Any CPU.ActiveCfg = Release|Any CPU
		{CA334601-3D20-4793-9E98-5709E84ADBE5}.Release|Any CPU.Build.0 = Release|Any CPU
	EndGlobalSection
	GlobalSection(SolutionProperties) = preSolution
		HideSolutionNode = FALSE
	EndGlobalSection
EndGlobal
