
Microsoft Visual Studio Solution File, Format Version 12.00
# Visual Studio Version 17
VisualStudioVersion = 17.12.35527.113 d17.12
MinimumVisualStudioVersion = 10.0.40219.1
Project("{FAE04EC0-301F-11D3-BF4B-00C04F79EFBC}") = "BankClassLibrary", "BankClassLibrary\BankClassLibrary.csproj", "{8BA20A78-EC2A-4AF7-AD73-C7B589931686}"
EndProject
Project("{FAE04EC0-301F-11D3-BF4B-00C04F79EFBC}") = "BankConsoleApp", "BankConsoleApp\BankConsoleApp.csproj", "{44C46DB2-D48A-4E60-A059-AA44AF68F1A7}"
EndProject
Global
	GlobalSection(SolutionConfigurationPlatforms) = preSolution
		Debug|Any CPU = Debug|Any CPU
		Release|Any CPU = Release|Any CPU
	EndGlobalSection
	GlobalSection(ProjectConfigurationPlatforms) = postSolution
		{8BA20A78-EC2A-4AF7-AD73-C7B589931686}.Debug|Any CPU.ActiveCfg = Debug|Any CPU
		{8BA20A78-EC2A-4AF7-AD73-C7B589931686}.Debug|Any CPU.Build.0 = Debug|Any CPU
		{8BA20A78-EC2A-4AF7-AD73-C7B589931686}.Release|Any CPU.ActiveCfg = Release|Any CPU
		{8BA20A78-EC2A-4AF7-AD73-C7B589931686}.Release|Any CPU.Build.0 = Release|Any CPU
		{44C46DB2-D48A-4E60-A059-AA44AF68F1A7}.Debug|Any CPU.ActiveCfg = Debug|Any CPU
		{44C46DB2-D48A-4E60-A059-AA44AF68F1A7}.Debug|Any CPU.Build.0 = Debug|Any CPU
		{44C46DB2-D48A-4E60-A059-AA44AF68F1A7}.Release|Any CPU.ActiveCfg = Release|Any CPU
		{44C46DB2-D48A-4E60-A059-AA44AF68F1A7}.Release|Any CPU.Build.0 = Release|Any CPU
	EndGlobalSection
	GlobalSection(SolutionProperties) = preSolution
		HideSolutionNode = FALSE
	EndGlobalSection
EndGlobal
