
Microsoft Visual Studio Solution File, Format Version 12.00
# Visual Studio Version 17
VisualStudioVersion = 17.10.35027.167
MinimumVisualStudioVersion = 10.0.40219.1
Project("{FAE04EC0-301F-11D3-BF4B-00C04F79EFBC}") = "SQLInjection", "SQLInjection\SQLInjection.csproj", "{16EF4583-29D3-43A8-A17C-E12B609F68A3}"
EndProject
Global
	GlobalSection(SolutionConfigurationPlatforms) = preSolution
		Debug|Any CPU = Debug|Any CPU
		Release|Any CPU = Release|Any CPU
	EndGlobalSection
	GlobalSection(ProjectConfigurationPlatforms) = postSolution
		{16EF4583-29D3-43A8-A17C-E12B609F68A3}.Debug|Any CPU.ActiveCfg = Debug|Any CPU
		{16EF4583-29D3-43A8-A17C-E12B609F68A3}.Debug|Any CPU.Build.0 = Debug|Any CPU
		{16EF4583-29D3-43A8-A17C-E12B609F68A3}.Release|Any CPU.ActiveCfg = Release|Any CPU
		{16EF4583-29D3-43A8-A17C-E12B609F68A3}.Release|Any CPU.Build.0 = Release|Any CPU
	EndGlobalSection
	GlobalSection(SolutionProperties) = preSolution
		HideSolutionNode = FALSE
	EndGlobalSection
	GlobalSection(ExtensibilityGlobals) = postSolution
		SolutionGuid = {37066953-162B-4AAA-A94C-3DB2F4E0974F}
	EndGlobalSection
EndGlobal
